
Microsoft Visual Studio Solution File, Format Version 12.00
# Visual Studio Version 16
VisualStudioVersion = 16.0.29306.81
MinimumVisualStudioVersion = 10.0.40219.1
Project("{8BC9CEB8-8B4A-11D0-8D11-00A0C91BC942}") = "Задание2", "Задание1\Задание1.vcxproj", "{DD874DA4-B974-4F61-B16E-657B5D505632}"
EndProject
Project("{8BC9CEB8-8B4A-11D0-8D11-00A0C91BC942}") = "Задание3", "Задание3\Задание3.vcxproj", "{B6DC9AFA-92E5-4FD4-81E7-23BE998DF0F7}"
EndProject
Project("{8BC9CEB8-8B4A-11D0-8D11-00A0C91BC942}") = "Задание4", "Задание4\Задание4.vcxproj", "{E2BC4FD1-64D5-4C56-B34E-FDEBDA0FBBB3}"
EndProject
Project("{8BC9CEB8-8B4A-11D0-8D11-00A0C91BC942}") = "Задание6", "Задание6\Задание6.vcxproj", "{4111B822-BBEE-4284-841D-2D064113100D}"
EndProject
Project("{8BC9CEB8-8B4A-11D0-8D11-00A0C91BC942}") = "Задание5", "Задание5\Задание5.vcxproj", "{81F85F09-043C-4829-96BD-D2794556F72E}"
EndProject
Global
	GlobalSection(SolutionConfigurationPlatforms) = preSolution
		Debug|x64 = Debug|x64
		Debug|x86 = Debug|x86
		Release|x64 = Release|x64
		Release|x86 = Release|x86
	EndGlobalSection
	GlobalSection(ProjectConfigurationPlatforms) = postSolution
		{DD874DA4-B974-4F61-B16E-657B5D505632}.Debug|x64.ActiveCfg = Debug|x64
		{DD874DA4-B974-4F61-B16E-657B5D505632}.Debug|x64.Build.0 = Debug|x64
		{DD874DA4-B974-4F61-B16E-657B5D505632}.Debug|x86.ActiveCfg = Debug|Win32
		{DD874DA4-B974-4F61-B16E-657B5D505632}.Debug|x86.Build.0 = Debug|Win32
		{DD874DA4-B974-4F61-B16E-657B5D505632}.Release|x64.ActiveCfg = Release|x64
		{DD874DA4-B974-4F61-B16E-657B5D505632}.Release|x64.Build.0 = Release|x64
		{DD874DA4-B974-4F61-B16E-657B5D505632}.Release|x86.ActiveCfg = Release|Win32
		{DD874DA4-B974-4F61-B16E-657B5D505632}.Release|x86.Build.0 = Release|Win32
		{B6DC9AFA-92E5-4FD4-81E7-23BE998DF0F7}.Debug|x64.ActiveCfg = Debug|x64
		{B6DC9AFA-92E5-4FD4-81E7-23BE998DF0F7}.Debug|x64.Build.0 = Debug|x64
		{B6DC9AFA-92E5-4FD4-81E7-23BE998DF0F7}.Debug|x86.ActiveCfg = Debug|Win32
		{B6DC9AFA-92E5-4FD4-81E7-23BE998DF0F7}.Debug|x86.Build.0 = Debug|Win32
		{B6DC9AFA-92E5-4FD4-81E7-23BE998DF0F7}.Release|x64.ActiveCfg = Release|x64
		{B6DC9AFA-92E5-4FD4-81E7-23BE998DF0F7}.Release|x64.Build.0 = Release|x64
		{B6DC9AFA-92E5-4FD4-81E7-23BE998DF0F7}.Release|x86.ActiveCfg = Release|Win32
		{B6DC9AFA-92E5-4FD4-81E7-23BE998DF0F7}.Release|x86.Build.0 = Release|Win32
		{E2BC4FD1-64D5-4C56-B34E-FDEBDA0FBBB3}.Debug|x64.ActiveCfg = Debug|x64
		{E2BC4FD1-64D5-4C56-B34E-FDEBDA0FBBB3}.Debug|x64.Build.0 = Debug|x64
		{E2BC4FD1-64D5-4C56-B34E-FDEBDA0FBBB3}.Debug|x86.ActiveCfg = Debug|Win32
		{E2BC4FD1-64D5-4C56-B34E-FDEBDA0FBBB3}.Debug|x86.Build.0 = Debug|Win32
		{E2BC4FD1-64D5-4C56-B34E-FDEBDA0FBBB3}.Release|x64.ActiveCfg = Release|x64
		{E2BC4FD1-64D5-4C56-B34E-FDEBDA0FBBB3}.Release|x64.Build.0 = Release|x64
		{E2BC4FD1-64D5-4C56-B34E-FDEBDA0FBBB3}.Release|x86.ActiveCfg = Release|Win32
		{E2BC4FD1-64D5-4C56-B34E-FDEBDA0FBBB3}.Release|x86.Build.0 = Release|Win32
		{4111B822-BBEE-4284-841D-2D064113100D}.Debug|x64.ActiveCfg = Debug|x64
		{4111B822-BBEE-4284-841D-2D064113100D}.Debug|x64.Build.0 = Debug|x64
		{4111B822-BBEE-4284-841D-2D064113100D}.Debug|x86.ActiveCfg = Debug|Win32
		{4111B822-BBEE-4284-841D-2D064113100D}.Debug|x86.Build.0 = Debug|Win32
		{4111B822-BBEE-4284-841D-2D064113100D}.Release|x64.ActiveCfg = Release|x64
		{4111B822-BBEE-4284-841D-2D064113100D}.Release|x64.Build.0 = Release|x64
		{4111B822-BBEE-4284-841D-2D064113100D}.Release|x86.ActiveCfg = Release|Win32
		{4111B822-BBEE-4284-841D-2D064113100D}.Release|x86.Build.0 = Release|Win32
		{81F85F09-043C-4829-96BD-D2794556F72E}.Debug|x64.ActiveCfg = Debug|x64
		{81F85F09-043C-4829-96BD-D2794556F72E}.Debug|x64.Build.0 = Debug|x64
		{81F85F09-043C-4829-96BD-D2794556F72E}.Debug|x86.ActiveCfg = Debug|Win32
		{81F85F09-043C-4829-96BD-D2794556F72E}.Debug|x86.Build.0 = Debug|Win32
		{81F85F09-043C-4829-96BD-D2794556F72E}.Release|x64.ActiveCfg = Release|x64
		{81F85F09-043C-4829-96BD-D2794556F72E}.Release|x64.Build.0 = Release|x64
		{81F85F09-043C-4829-96BD-D2794556F72E}.Release|x86.ActiveCfg = Release|Win32
		{81F85F09-043C-4829-96BD-D2794556F72E}.Release|x86.Build.0 = Release|Win32
	EndGlobalSection
	GlobalSection(SolutionProperties) = preSolution
		HideSolutionNode = FALSE
	EndGlobalSection
	GlobalSection(ExtensibilityGlobals) = postSolution
		SolutionGuid = {A1E443A6-3131-40BA-9B3B-B4D947245535}
	EndGlobalSection
EndGlobal
